lockfileVersion: '9.0'

settings:
  autoInstallPeers: true

snapshots:
  '':
    '@babel/code-frame@7.23.5':
      id: 1
      resolution: {integrity: sha512-CgH3s1a96LipHCmSUmYFJwBSGx2uvXYbM+/B9w8VpsV9O9lJrp8cLR1QYrPw3v2FK4RqSMYhY2hDAw8xSOrPNw==}
    '@supabase/supabase-js@2.98.0':
      id: 54
      resolution: {integrity: sha512-lYHvr5XbJe8dE7bxQ5XLRjD8ekV0H8R5l8c2q7r6c3bL8p7KTSXM4z2wXqP4N1h0y5f0j0V1v1j5qN6h1R8v0m4w==}